// !$*UTF8*$!
{
	archiveVersion = 1;
	classes = {
	};
	objectVersion = 50;
	objects = {

/* Begin PBXBuildFile section */
		14CEE85424ACFF6100A36D2B /* AppDelegate.swift in Sources */ = {isa = PBXBuildFile; fileRef = 14CEE85324ACFF6100A36D2B /* AppDelegate.swift */; };
		14CEE85624ACFF6100A36D2B /* SceneDelegate.swift in Sources */ = {isa = PBXBuildFile; fileRef = 14CEE85524ACFF6100A36D2B /* SceneDelegate.swift */; };
		14CEE85D24ACFF6100A36D2B /* Main.storyboard in Resources */ = {isa = PBXBuildFile; fileRef = 14CEE85B24ACFF6100A36D2B /* Main.storyboard */; };
		14CEE86024ACFF6100A36D2B /* Activity_Organizer.xcdatamodeld in Sources */ = {isa = PBXBuildFile; fileRef = 14CEE85E24ACFF6100A36D2B /* Activity_Organizer.xcdatamodeld */; };
		14CEE86224ACFF6200A36D2B /* Assets.xcassets in Resources */ = {isa = PBXBuildFile; fileRef = 14CEE86124ACFF6200A36D2B /* Assets.xcassets */; };
		14CEE86524ACFF6200A36D2B /* LaunchScreen.storyboard in Resources */ = {isa = PBXBuildFile; fileRef = 14CEE86324ACFF6200A36D2B /* LaunchScreen.storyboard */; };
		14CEE86D24AD01C800A36D2B /* BrowseActivitiesTableViewController.swift in Sources */ = {isa = PBXBuildFile; fileRef = 14CEE86C24AD01C800A36D2B /* BrowseActivitiesTableViewController.swift */; };
		14CEE86F24AD094C00A36D2B /* ProfileViewController.swift in Sources */ = {isa = PBXBuildFile; fileRef = 14CEE86E24AD094C00A36D2B /* ProfileViewController.swift */; };
		14CEE87124AD0BB600A36D2B /* MyActivitiesTableViewController.swift in Sources */ = {isa = PBXBuildFile; fileRef = 14CEE87024AD0BB600A36D2B /* MyActivitiesTableViewController.swift */; };
		14E4290D24AD2AC300F0A0E4 /* GoogleService-Info.plist in Resources */ = {isa = PBXBuildFile; fileRef = 14E4290C24AD2AC300F0A0E4 /* GoogleService-Info.plist */; };
		14FA808F24AD0F850095E354 /* SettingsViewController.swift in Sources */ = {isa = PBXBuildFile; fileRef = 14FA808E24AD0F850095E354 /* SettingsViewController.swift */; };
		14FA809124AD0FBA0095E354 /* Constants.swift in Sources */ = {isa = PBXBuildFile; fileRef = 14FA809024AD0FBA0095E354 /* Constants.swift */; };
		14FA809424AD16800095E354 /* LoginViewController.swift in Sources */ = {isa = PBXBuildFile; fileRef = 14FA809324AD16800095E354 /* LoginViewController.swift */; };
		14FA809624AD168F0095E354 /* SignupViewController.swift in Sources */ = {isa = PBXBuildFile; fileRef = 14FA809524AD168F0095E354 /* SignupViewController.swift */; };
/* End PBXBuildFile section */

/* Begin PBXFileReference section */
		14CEE85024ACFF6100A36D2B /* Activity Organizer.app */ = {isa = PBXFileReference; explicitFileType = wrapper.application; includeInIndex = 0; path = "Activity Organizer.app"; sourceTree = BUILT_PRODUCTS_DIR; };
		14CEE85324ACFF6100A36D2B /* AppDelegate.swift */ = {isa = PBXFileReference; lastKnownFileType = sourcecode.swift; path = AppDelegate.swift; sourceTree = "<group>"; };
		14CEE85524ACFF6100A36D2B /* SceneDelegate.swift */ = {isa = PBXFileReference; lastKnownFileType = sourcecode.swift; path = SceneDelegate.swift; sourceTree = "<group>"; };
		14CEE85C24ACFF6100A36D2B /* Base */ = {isa = PBXFileReference; lastKnownFileType = file.storyboard; name = Base; path = Base.lproj/Main.storyboard; sourceTree = "<group>"; };
		14CEE85F24ACFF6100A36D2B /* Activity_Organizer.xcdatamodel */ = {isa = PBXFileReference; lastKnownFileType = wrapper.xcdatamodel; path = Activity_Organizer.xcdatamodel; sourceTree = "<group>"; };
		14CEE86124ACFF6200A36D2B /* Assets.xcassets */ = {isa = PBXFileReference; lastKnownFileType = folder.assetcatalog; path = Assets.xcassets; sourceTree = "<group>"; };
		14CEE86424ACFF6200A36D2B /* Base */ = {isa = PBXFileReference; lastKnownFileType = file.storyboard; name = Base; path = Base.lproj/LaunchScreen.storyboard; sourceTree = "<group>"; };
		14CEE86624ACFF6200A36D2B /* Info.plist */ = {isa = PBXFileReference; lastKnownFileType = text.plist.xml; path = Info.plist; sourceTree = "<group>"; };
		14CEE86C24AD01C800A36D2B /* BrowseActivitiesTableViewController.swift */ = {isa = PBXFileReference; lastKnownFileType = sourcecode.swift; path = BrowseActivitiesTableViewController.swift; sourceTree = "<group>"; };
		14CEE86E24AD094C00A36D2B /* ProfileViewController.swift */ = {isa = PBXFileReference; lastKnownFileType = sourcecode.swift; path = ProfileViewController.swift; sourceTree = "<group>"; };
		14CEE87024AD0BB600A36D2B /* MyActivitiesTableViewController.swift */ = {isa = PBXFileReference; lastKnownFileType = sourcecode.swift; path = MyActivitiesTableViewController.swift; sourceTree = "<group>"; };
		14E4290C24AD2AC300F0A0E4 /* GoogleService-Info.plist */ = {isa = PBXFileReference; fileEncoding = 4; lastKnownFileType = text.plist.xml; path = "GoogleService-Info.plist"; sourceTree = "<group>"; };
		14FA808E24AD0F850095E354 /* SettingsViewController.swift */ = {isa = PBXFileReference; lastKnownFileType = sourcecode.swift; path = SettingsViewController.swift; sourceTree = "<group>"; };
		14FA809024AD0FBA0095E354 /* Constants.swift */ = {isa = PBXFileReference; lastKnownFileType = sourcecode.swift; path = Constants.swift; sourceTree = "<group>"; };
		14FA809324AD16800095E354 /* LoginViewController.swift */ = {isa = PBXFileReference; lastKnownFileType = sourcecode.swift; path = LoginViewController.swift; sourceTree = "<group>"; };
		14FA809524AD168F0095E354 /* SignupViewController.swift */ = {isa = PBXFileReference; lastKnownFileType = sourcecode.swift; path = SignupViewController.swift; sourceTree = "<group>"; };
/* End PBXFileReference section */

/* Begin PBXFrameworksBuildPhase section */
		14CEE84D24ACFF6100A36D2B /* Frameworks */ = {
			isa = PBXFrameworksBuildPhase;
			buildActionMask = 2147483647;
			files = (
			);
			runOnlyForDeploymentPostprocessing = 0;
		};
/* End PBXFrameworksBuildPhase section */

/* Begin PBXGroup section */
		14CEE84724ACFF6100A36D2B = {
			isa = PBXGroup;
			children = (
				14CEE85224ACFF6100A36D2B /* Activity Organizer */,
				14CEE85124ACFF6100A36D2B /* Products */,
			);
			sourceTree = "<group>";
		};
		14CEE85124ACFF6100A36D2B /* Products */ = {
			isa = PBXGroup;
			children = (
				14CEE85024ACFF6100A36D2B /* Activity Organizer.app */,
			);
			name = Products;
			sourceTree = "<group>";
		};
		14CEE85224ACFF6100A36D2B /* Activity Organizer */ = {
			isa = PBXGroup;
			children = (
				14E4290B24AD296A00F0A0E4 /* Table View Controllers */,
				14E4290A24AD295400F0A0E4 /* Helpers */,
				14E4290924AD292600F0A0E4 /* View Controllers */,
				14CEE85324ACFF6100A36D2B /* AppDelegate.swift */,
				14E4290C24AD2AC300F0A0E4 /* GoogleService-Info.plist */,
				14CEE85524ACFF6100A36D2B /* SceneDelegate.swift */,
				14CEE85B24ACFF6100A36D2B /* Main.storyboard */,
				14CEE86124ACFF6200A36D2B /* Assets.xcassets */,
				14CEE86324ACFF6200A36D2B /* LaunchScreen.storyboard */,
				14CEE86624ACFF6200A36D2B /* Info.plist */,
				14CEE85E24ACFF6100A36D2B /* Activity_Organizer.xcdatamodeld */,
			);
			path = "Activity Organizer";
			sourceTree = "<group>";
		};
		14E4290924AD292600F0A0E4 /* View Controllers */ = {
			isa = PBXGroup;
			children = (
				14CEE86E24AD094C00A36D2B /* ProfileViewController.swift */,
				14FA808E24AD0F850095E354 /* SettingsViewController.swift */,
				14FA809324AD16800095E354 /* LoginViewController.swift */,
				14FA809524AD168F0095E354 /* SignupViewController.swift */,
			);
			path = "View Controllers";
			sourceTree = "<group>";
		};
		14E4290A24AD295400F0A0E4 /* Helpers */ = {
			isa = PBXGroup;
			children = (
				14FA809024AD0FBA0095E354 /* Constants.swift */,
			);
			path = Helpers;
			sourceTree = "<group>";
		};
		14E4290B24AD296A00F0A0E4 /* Table View Controllers */ = {
			isa = PBXGroup;
			children = (
				14CEE86C24AD01C800A36D2B /* BrowseActivitiesTableViewController.swift */,
				14CEE87024AD0BB600A36D2B /* MyActivitiesTableViewController.swift */,
			);
			path = "Table View Controllers";
			sourceTree = "<group>";
		};
/* End PBXGroup section */

/* Begin PBXNativeTarget section */
		14CEE84F24ACFF6100A36D2B /* Activity Organizer */ = {
			isa = PBXNativeTarget;
			buildConfigurationList = 14CEE86924ACFF6200A36D2B /* Build configuration list for PBXNativeTarget "Activity Organizer" */;
			buildPhases = (
				14CEE84C24ACFF6100A36D2B /* Sources */,
				14CEE84D24ACFF6100A36D2B /* Frameworks */,
				14CEE84E24ACFF6100A36D2B /* Resources */,
			);
			buildRules = (
			);
			dependencies = (
			);
			name = "Activity Organizer";
			productName = "Activity Organizer";
			productReference = 14CEE85024ACFF6100A36D2B /* Activity Organizer.app */;
			productType = "com.apple.product-type.application";
		};
/* End PBXNativeTarget section */

/* Begin PBXProject section */
		14CEE84824ACFF6100A36D2B /* Project object */ = {
			isa = PBXProject;
			attributes = {
				LastSwiftUpdateCheck = 1150;
				LastUpgradeCheck = 1150;
				ORGANIZATIONNAME = "Boren Wang";
				TargetAttributes = {
					14CEE84F24ACFF6100A36D2B = {
						CreatedOnToolsVersion = 11.5;
					};
				};
			};
			buildConfigurationList = 14CEE84B24ACFF6100A36D2B /* Build configuration list for PBXProject "Activity Organizer" */;
			compatibilityVersion = "Xcode 9.3";
			developmentRegion = en;
			hasScannedForEncodings = 0;
			knownRegions = (
				en,
				Base,
			);
			mainGroup = 14CEE84724ACFF6100A36D2B;
			productRefGroup = 14CEE85124ACFF6100A36D2B /* Products */;
			projectDirPath = "";
			projectRoot = "";
			targets = (
				14CEE84F24ACFF6100A36D2B /* Activity Organizer */,
			);
		};
/* End PBXProject section */

/* Begin PBXResourcesBuildPhase section */
		14CEE84E24ACFF6100A36D2B /* Resources */ = {
			isa = PBXResourcesBuildPhase;
			buildActionMask = 2147483647;
			files = (
				14CEE86524ACFF6200A36D2B /* LaunchScreen.storyboard in Resources */,
				14E4290D24AD2AC300F0A0E4 /* GoogleService-Info.plist in Resources */,
				14CEE86224ACFF6200A36D2B /* Assets.xcassets in Resources */,
				14CEE85D24ACFF6100A36D2B /* Main.storyboard in Resources */,
			);
			runOnlyForDeploymentPostprocessing = 0;
		};
/* End PBXResourcesBuildPhase section */

/* Begin PBXSourcesBuildPhase section */
		14CEE84C24ACFF6100A36D2B /* Sources */ = {
			isa = PBXSourcesBuildPhase;
			buildActionMask = 2147483647;
			files = (
				14FA809424AD16800095E354 /* LoginViewController.swift in Sources */,
				14CEE86024ACFF6100A36D2B /* Activity_Organizer.xcdatamodeld in Sources */,
				14FA809624AD168F0095E354 /* SignupViewController.swift in Sources */,
				14CEE87124AD0BB600A36D2B /* MyActivitiesTableViewController.swift in Sources */,
				14CEE86D24AD01C800A36D2B /* BrowseActivitiesTableViewController.swift in Sources */,
				14FA809124AD0FBA0095E354 /* Constants.swift in Sources */,
				14CEE86F24AD094C00A36D2B /* ProfileViewController.swift in Sources */,
				14CEE85424ACFF6100A36D2B /* AppDelegate.swift in Sources */,
				14CEE85624ACFF6100A36D2B /* SceneDelegate.swift in Sources */,
				14FA808F24AD0F850095E354 /* SettingsViewController.swift in Sources */,
			);
			runOnlyForDeploymentPostprocessing = 0;
		};
/* End PBXSourcesBuildPhase section */

/* Begin PBXVariantGroup section */
		14CEE85B24ACFF6100A36D2B /* Main.storyboard */ = {
			isa = PBXVariantGroup;
			children = (
				14CEE85C24ACFF6100A36D2B /* Base */,
			);
			name = Main.storyboard;
			sourceTree = "<group>";
		};
		14CEE86324ACFF6200A36D2B /* LaunchScreen.storyboard */ = {
			isa = PBXVariantGroup;
			children = (
				14CEE86424ACFF6200A36D2B /* Base */,
			);
			name = LaunchScreen.storyboard;
			sourceTree = "<group>";
		};
/* End PBXVariantGroup section */

/* Begin XCBuildConfiguration section */
		14CEE86724ACFF6200A36D2B /* Debug */ = {
			isa = XCBuildConfiguration;
			buildSettings = {
				ALWAYS_SEARCH_USER_PATHS = NO;
				CLANG_ANALYZER_NONNULL = YES;
				CLANG_ANALYZER_NUMBER_OBJECT_CONVERSION = YES_AGGRESSIVE;
				CLANG_CXX_LANGUAGE_STANDARD = "gnu++14";
				CLANG_CXX_LIBRARY = "libc++";
				CLANG_ENABLE_MODULES = YES;
				CLANG_ENABLE_OBJC_ARC = YES;
				CLANG_ENABLE_OBJC_WEAK = YES;
				CLANG_WARN_BLOCK_CAPTURE_AUTORELEASING = YES;
				CLANG_WARN_BOOL_CONVERSION = YES;
				CLANG_WARN_COMMA = YES;
				CLANG_WARN_CONSTANT_CONVERSION = YES;
				CLANG_WARN_DEPRECATED_OBJC_IMPLEMENTATIONS = YES;
				CLANG_WARN_DIRECT_OBJC_ISA_USAGE = YES_ERROR;
				CLANG_WARN_DOCUMENTATION_COMMENTS = YES;
				CLANG_WARN_EMPTY_BODY = YES;
				CLANG_WARN_ENUM_CONVERSION = YES;
				CLANG_WARN_INFINITE_RECURSION = YES;
				CLANG_WARN_INT_CONVERSION = YES;
				CLANG_WARN_NON_LITERAL_NULL_CONVERSION = YES;
				CLANG_WARN_OBJC_IMPLICIT_RETAIN_SELF = YES;
				CLANG_WARN_OBJC_LITERAL_CONVERSION = YES;
				CLANG_WARN_OBJC_ROOT_CLASS = YES_ERROR;
				CLANG_WARN_RANGE_LOOP_ANALYSIS = YES;
				CLANG_WARN_STRICT_PROTOTYPES = YES;
				CLANG_WARN_SUSPICIOUS_MOVE = YES;
				CLANG_WARN_UNGUARDED_AVAILABILITY = YES_AGGRESSIVE;
				CLANG_WARN_UNREACHABLE_CODE = YES;
				CLANG_WARN__DUPLICATE_METHOD_MATCH = YES;
				COPY_PHASE_STRIP = NO;
				DEBUG_INFORMATION_FORMAT = dwarf;
				ENABLE_STRICT_OBJC_MSGSEND = YES;
				ENABLE_TESTABILITY = YES;
				GCC_C_LANGUAGE_STANDARD = gnu11;
				GCC_DYNAMIC_NO_PIC = NO;
				GCC_NO_COMMON_BLOCKS = YES;
				GCC_OPTIMIZATION_LEVEL = 0;
				GCC_PREPROCESSOR_DEFINITIONS = (
					"DEBUG=1",
					"$(inherited)",
				);
				GCC_WARN_64_TO_32_BIT_CONVERSION = YES;
				GCC_WARN_ABOUT_RETURN_TYPE = YES_ERROR;
				GCC_WARN_UNDECLARED_SELECTOR = YES;
				GCC_WARN_UNINITIALIZED_AUTOS = YES_AGGRESSIVE;
				GCC_WARN_UNUSED_FUNCTION = YES;
				GCC_WARN_UNUSED_VARIABLE = YES;
				IPHONEOS_DEPLOYMENT_TARGET = 13.5;
				MTL_ENABLE_DEBUG_INFO = INCLUDE_SOURCE;
				MTL_FAST_MATH = YES;
				ONLY_ACTIVE_ARCH = YES;
				SDKROOT = iphoneos;
				SWIFT_ACTIVE_COMPILATION_CONDITIONS = DEBUG;
				SWIFT_OPTIMIZATION_LEVEL = "-Onone";
			};
			name = Debug;
		};
		14CEE86824ACFF6200A36D2B /* Release */ = {
			isa = XCBuildConfiguration;
			buildSettings = {
				ALWAYS_SEARCH_USER_PATHS = NO;
				CLANG_ANALYZER_NONNULL = YES;
				CLANG_ANALYZER_NUMBER_OBJECT_CONVERSION = YES_AGGRESSIVE;
				CLANG_CXX_LANGUAGE_STANDARD = "gnu++14";
				CLANG_CXX_LIBRARY = "libc++";
				CLANG_ENABLE_MODULES = YES;
				CLANG_ENABLE_OBJC_ARC = YES;
				CLANG_ENABLE_OBJC_WEAK = YES;
				CLANG_WARN_BLOCK_CAPTURE_AUTORELEASING = YES;
				CLANG_WARN_BOOL_CONVERSION = YES;
				CLANG_WARN_COMMA = YES;
				CLANG_WARN_CONSTANT_CONVERSION = YES;
				CLANG_WARN_DEPRECATED_OBJC_IMPLEMENTATIONS = YES;
				CLANG_WARN_DIRECT_OBJC_ISA_USAGE = YES_ERROR;
				CLANG_WARN_DOCUMENTATION_COMMENTS = YES;
				CLANG_WARN_EMPTY_BODY = YES;
				CLANG_WARN_ENUM_CONVERSION = YES;
				CLANG_WARN_INFINITE_RECURSION = YES;
				CLANG_WARN_INT_CONVERSION = YES;
				CLANG_WARN_NON_LITERAL_NULL_CONVERSION = YES;
				CLANG_WARN_OBJC_IMPLICIT_RETAIN_SELF = YES;
				CLANG_WARN_OBJC_LITERAL_CONVERSION = YES;
				CLANG_WARN_OBJC_ROOT_CLASS = YES_ERROR;
				CLANG_WARN_RANGE_LOOP_ANALYSIS = YES;
				CLANG_WARN_STRICT_PROTOTYPES = YES;
				CLANG_WARN_SUSPICIOUS_MOVE = YES;
				CLANG_WARN_UNGUARDED_AVAILABILITY = YES_AGGRESSIVE;
				CLANG_WARN_UNREACHABLE_CODE = YES;
				CLANG_WARN__DUPLICATE_METHOD_MATCH = YES;
				COPY_PHASE_STRIP = NO;
				DEBUG_INFORMATION_FORMAT = "dwarf-with-dsym";
				ENABLE_NS_ASSERTIONS = NO;
				ENABLE_STRICT_OBJC_MSGSEND = YES;
				GCC_C_LANGUAGE_STANDARD = gnu11;
				GCC_NO_COMMON_BLOCKS = YES;
				GCC_WARN_64_TO_32_BIT_CONVERSION = YES;
				GCC_WARN_ABOUT_RETURN_TYPE = YES_ERROR;
				GCC_WARN_UNDECLARED_SELECTOR = YES;
				GCC_WARN_UNINITIALIZED_AUTOS = YES_AGGRESSIVE;
				GCC_WARN_UNUSED_FUNCTION = YES;
				GCC_WARN_UNUSED_VARIABLE = YES;
				IPHONEOS_DEPLOYMENT_TARGET = 13.5;
				MTL_ENABLE_DEBUG_INFO = NO;
				MTL_FAST_MATH = YES;
				SDKROOT = iphoneos;
				SWIFT_COMPILATION_MODE = wholemodule;
				SWIFT_OPTIMIZATION_LEVEL = "-O";
				VALIDATE_PRODUCT = YES;
			};
			name = Release;
		};
		14CEE86A24ACFF6200A36D2B /* Debug */ = {
			isa = XCBuildConfiguration;
			buildSettings = {
				ASSETCATALOG_COMPILER_APPICON_NAME = AppIcon;
				CODE_SIGN_STYLE = Automatic;
				INFOPLIST_FILE = "Activity Organizer/Info.plist";
				LD_RUNPATH_SEARCH_PATHS = (
					"$(inherited)",
					"@executable_path/Frameworks",
				);
				PRODUCT_BUNDLE_IDENTIFIER = "com.borenwang.Activity-Organizer";
				PRODUCT_NAME = "$(TARGET_NAME)";
				SWIFT_VERSION = 5.0;
				TARGETED_DEVICE_FAMILY = "1,2";
			};
			name = Debug;
		};
		14CEE86B24ACFF6200A36D2B /* Release */ = {
			isa = XCBuildConfiguration;
			buildSettings = {
				ASSETCATALOG_COMPILER_APPICON_NAME = AppIcon;
				CODE_SIGN_STYLE = Automatic;
				INFOPLIST_FILE = "Activity Organizer/Info.plist";
				LD_RUNPATH_SEARCH_PATHS = (
					"$(inherited)",
					"@executable_path/Frameworks",
				);
				PRODUCT_BUNDLE_IDENTIFIER = "com.borenwang.Activity-Organizer";
				PRODUCT_NAME = "$(TARGET_NAME)";
				SWIFT_VERSION = 5.0;
				TARGETED_DEVICE_FAMILY = "1,2";
			};
			name = Release;
		};
/* End XCBuildConfiguration section */

/* Begin XCConfigurationList section */
		14CEE84B24ACFF6100A36D2B /* Build configuration list for PBXProject "Activity Organizer" */ = {
			isa = XCConfigurationList;
			buildConfigurations = (
				14CEE86724ACFF6200A36D2B /* Debug */,
				14CEE86824ACFF6200A36D2B /* Release */,
			);
			defaultConfigurationIsVisible = 0;
			defaultConfigurationName = Release;
		};
		14CEE86924ACFF6200A36D2B /* Build configuration list for PBXNativeTarget "Activity Organizer" */ = {
			isa = XCConfigurationList;
			buildConfigurations = (
				14CEE86A24ACFF6200A36D2B /* Debug */,
				14CEE86B24ACFF6200A36D2B /* Release */,
			);
			defaultConfigurationIsVisible = 0;
			defaultConfigurationName = Release;
		};
/* End XCConfigurationList section */

/* Begin XCVersionGroup section */
		14CEE85E24ACFF6100A36D2B /* Activity_Organizer.xcdatamodeld */ = {
			isa = XCVersionGroup;
			children = (
				14CEE85F24ACFF6100A36D2B /* Activity_Organizer.xcdatamodel */,
			);
			currentVersion = 14CEE85F24ACFF6100A36D2B /* Activity_Organizer.xcdatamodel */;
			path = Activity_Organizer.xcdatamodeld;
			sourceTree = "<group>";
			versionGroupType = wrapper.xcdatamodel;
		};
/* End XCVersionGroup section */
	};
	rootObject = 14CEE84824ACFF6100A36D2B /* Project object */;
}
